
Microsoft Visual Studio Solution File, Format Version 12.00
# Visual Studio 2013
VisualStudioVersion = 12.0.31101.0
MinimumVisualStudioVersion = 10.0.40219.1
Project("{FAE04EC0-301F-11D3-BF4B-00C04F79EFBC}") = "R2S.Api", "R2S.Api\R2S.Api.csproj", "{2D584921-BD72-41B0-867E-E7E2C80E3387}"
EndProject
Global
	GlobalSection(TeamFoundationVersionControl) = preSolution
		SccNumberOfProjects = 2
		SccEnterpriseProvider = {4CA58AB2-18FA-4F8D-95D4-32DDF27D184C}
		SccTeamFoundationServer = https://private.navyreserve.navy.mil/tfs/projects
		SccLocalPath0 = .
		SccProjectUniqueName1 = R2S.Api\\R2S.Api.csproj
		SccProjectName1 = R2S.Api
		SccLocalPath1 = R2S.Api
	EndGlobalSection
	GlobalSection(SolutionConfigurationPlatforms) = preSolution
		Debug|Any CPU = Debug|Any CPU
		Release|Any CPU = Release|Any CPU
	EndGlobalSection
	GlobalSection(ProjectConfigurationPlatforms) = postSolution
		{2D584921-BD72-41B0-867E-E7E2C80E3387}.Debug|Any CPU.ActiveCfg = Debug|Any CPU
		{2D584921-BD72-41B0-867E-E7E2C80E3387}.Debug|Any CPU.Build.0 = Debug|Any CPU
		{2D584921-BD72-41B0-867E-E7E2C80E3387}.Release|Any CPU.ActiveCfg = Release|Any CPU
		{2D584921-BD72-41B0-867E-E7E2C80E3387}.Release|Any CPU.Build.0 = Release|Any CPU
	EndGlobalSection
	GlobalSection(SolutionProperties) = preSolution
		HideSolutionNode = FALSE
	EndGlobalSection
EndGlobal
